
Microsoft Visual Studio Solution File, Format Version 12.00
# Visual Studio Version 17
VisualStudioVersion = 17.9.34622.214
MinimumVisualStudioVersion = 10.0.40219.1
Project("{8BC9CEB8-8B4A-11D0-8D11-00A0C91BC942}") = "program", "program.vcxproj", "{39721500-CFAC-4DEF-A79B-53C1AF71B3AF}"
EndProject
Project("{8BC9CEB8-8B4A-11D0-8D11-00A0C91BC942}") = "Class2th (Variable & Constant)", "..\Class2th (Variable & Constant)\Class2th (Variable & Constant).vcxproj", "{8EF51814-F241-4861-A644-64D870D4EC89}"
EndProject
Project("{8BC9CEB8-8B4A-11D0-8D11-00A0C91BC942}") = "class3th (bit)", "..\class3pagebit\class3pagebit.vcxproj", "{760153C6-3C99-4CFB-88BE-97F6AFBE5AF8}"
EndProject
Project("{8BC9CEB8-8B4A-11D0-8D11-00A0C91BC942}") = "class 4th", "..\class 4th\class 4th.vcxproj", "{BE3A0534-89F0-401A-91F3-53BCD2831B7A}"
EndProject
Global
	GlobalSection(SolutionConfigurationPlatforms) = preSolution
		Debug|x64 = Debug|x64
		Debug|x86 = Debug|x86
		Release|x64 = Release|x64
		Release|x86 = Release|x86
	EndGlobalSection
	GlobalSection(ProjectConfigurationPlatforms) = postSolution
		{39721500-CFAC-4DEF-A79B-53C1AF71B3AF}.Debug|x64.ActiveCfg = Debug|x64
		{39721500-CFAC-4DEF-A79B-53C1AF71B3AF}.Debug|x64.Build.0 = Debug|x64
		{39721500-CFAC-4DEF-A79B-53C1AF71B3AF}.Debug|x86.ActiveCfg = Debug|Win32
		{39721500-CFAC-4DEF-A79B-53C1AF71B3AF}.Debug|x86.Build.0 = Debug|Win32
		{39721500-CFAC-4DEF-A79B-53C1AF71B3AF}.Release|x64.ActiveCfg = Release|x64
		{39721500-CFAC-4DEF-A79B-53C1AF71B3AF}.Release|x64.Build.0 = Release|x64
		{39721500-CFAC-4DEF-A79B-53C1AF71B3AF}.Release|x86.ActiveCfg = Release|Win32
		{39721500-CFAC-4DEF-A79B-53C1AF71B3AF}.Release|x86.Build.0 = Release|Win32
		{8EF51814-F241-4861-A644-64D870D4EC89}.Debug|x64.ActiveCfg = Debug|x64
		{8EF51814-F241-4861-A644-64D870D4EC89}.Debug|x64.Build.0 = Debug|x64
		{8EF51814-F241-4861-A644-64D870D4EC89}.Debug|x86.ActiveCfg = Debug|Win32
		{8EF51814-F241-4861-A644-64D870D4EC89}.Debug|x86.Build.0 = Debug|Win32
		{8EF51814-F241-4861-A644-64D870D4EC89}.Release|x64.ActiveCfg = Release|x64
		{8EF51814-F241-4861-A644-64D870D4EC89}.Release|x64.Build.0 = Release|x64
		{8EF51814-F241-4861-A644-64D870D4EC89}.Release|x86.ActiveCfg = Release|Win32
		{8EF51814-F241-4861-A644-64D870D4EC89}.Release|x86.Build.0 = Release|Win32
		{760153C6-3C99-4CFB-88BE-97F6AFBE5AF8}.Debug|x64.ActiveCfg = Debug|x64
		{760153C6-3C99-4CFB-88BE-97F6AFBE5AF8}.Debug|x64.Build.0 = Debug|x64
		{760153C6-3C99-4CFB-88BE-97F6AFBE5AF8}.Debug|x86.ActiveCfg = Debug|Win32
		{760153C6-3C99-4CFB-88BE-97F6AFBE5AF8}.Debug|x86.Build.0 = Debug|Win32
		{760153C6-3C99-4CFB-88BE-97F6AFBE5AF8}.Release|x64.ActiveCfg = Release|x64
		{760153C6-3C99-4CFB-88BE-97F6AFBE5AF8}.Release|x64.Build.0 = Release|x64
		{760153C6-3C99-4CFB-88BE-97F6AFBE5AF8}.Release|x86.ActiveCfg = Release|Win32
		{760153C6-3C99-4CFB-88BE-97F6AFBE5AF8}.Release|x86.Build.0 = Release|Win32
		{BE3A0534-89F0-401A-91F3-53BCD2831B7A}.Debug|x64.ActiveCfg = Debug|x64
		{BE3A0534-89F0-401A-91F3-53BCD2831B7A}.Debug|x64.Build.0 = Debug|x64
		{BE3A0534-89F0-401A-91F3-53BCD2831B7A}.Debug|x86.ActiveCfg = Debug|Win32
		{BE3A0534-89F0-401A-91F3-53BCD2831B7A}.Debug|x86.Build.0 = Debug|Win32
		{BE3A0534-89F0-401A-91F3-53BCD2831B7A}.Release|x64.ActiveCfg = Release|x64
		{BE3A0534-89F0-401A-91F3-53BCD2831B7A}.Release|x64.Build.0 = Release|x64
		{BE3A0534-89F0-401A-91F3-53BCD2831B7A}.Release|x86.ActiveCfg = Release|Win32
		{BE3A0534-89F0-401A-91F3-53BCD2831B7A}.Release|x86.Build.0 = Release|Win32
	EndGlobalSection
	GlobalSection(SolutionProperties) = preSolution
		HideSolutionNode = FALSE
	EndGlobalSection
	GlobalSection(ExtensibilityGlobals) = postSolution
		SolutionGuid = {435A1DBA-4D4E-4203-906C-D59387F2FE1C}
	EndGlobalSection
EndGlobal
